
Microsoft Visual Studio Solution File, Format Version 12.00
# Visual Studio 14
VisualStudioVersion = 14.0.23107.0
MinimumVisualStudioVersion = 10.0.40219.1
Project("{FAE04EC0-301F-11D3-BF4B-00C04F79EFBC}") = "CashRegister", "CashRegister\CashRegister.csproj", "{843F5C98-F659-4BEF-860B-53777F095A8C}"
EndProject
Project("{F088123C-0E9E-452A-89E6-6BA2F21D5CAC}") = "CashRegisterUML", "CashRegisterUML\CashRegisterUML.modelproj", "{C9886F0C-ED03-4606-8C55-EF9415AEFBDF}"
EndProject
Project("{FAE04EC0-301F-11D3-BF4B-00C04F79EFBC}") = "CashRegisterAuto", "CashRegisterAuto\CashRegisterAuto.csproj", "{523B6648-A642-4164-9338-FC37AED507A4}"
EndProject
Project("{FAE04EC0-301F-11D3-BF4B-00C04F79EFBC}") = "CashRegister.Test.Unit", "CashRegister.Test.Unit\CashRegister.Test.Unit.csproj", "{E5BBB199-9B27-400C-A478-A647F6E97CAF}"
EndProject
Project("{00D1A9C2-B5F0-4AF3-8072-F6C62B433612}") = "CashRegister.Db", "CashRegister.Db\CashRegister.Db.sqlproj", "{0ABFC12E-D26B-4E2A-BF10-3BA31DAC9582}"
EndProject
Project("{FAE04EC0-301F-11D3-BF4B-00C04F79EFBC}") = "CashRegister.Program", "CashRegister.Program\CashRegister.Program.csproj", "{A63359A7-5E5B-42B2-B3D7-12B426BD4910}"
EndProject
Global
	GlobalSection(SolutionConfigurationPlatforms) = preSolution
		Debug|Any CPU = Debug|Any CPU
		Release|Any CPU = Release|Any CPU
	EndGlobalSection
	GlobalSection(ProjectConfigurationPlatforms) = postSolution
		{843F5C98-F659-4BEF-860B-53777F095A8C}.Debug|Any CPU.ActiveCfg = Debug|Any CPU
		{843F5C98-F659-4BEF-860B-53777F095A8C}.Debug|Any CPU.Build.0 = Debug|Any CPU
		{843F5C98-F659-4BEF-860B-53777F095A8C}.Release|Any CPU.ActiveCfg = Release|Any CPU
		{843F5C98-F659-4BEF-860B-53777F095A8C}.Release|Any CPU.Build.0 = Release|Any CPU
		{C9886F0C-ED03-4606-8C55-EF9415AEFBDF}.Debug|Any CPU.ActiveCfg = Debug|Any CPU
		{C9886F0C-ED03-4606-8C55-EF9415AEFBDF}.Release|Any CPU.ActiveCfg = Release|Any CPU
		{523B6648-A642-4164-9338-FC37AED507A4}.Debug|Any CPU.ActiveCfg = Debug|Any CPU
		{523B6648-A642-4164-9338-FC37AED507A4}.Release|Any CPU.ActiveCfg = Release|Any CPU
		{E5BBB199-9B27-400C-A478-A647F6E97CAF}.Debug|Any CPU.ActiveCfg = Debug|Any CPU
		{E5BBB199-9B27-400C-A478-A647F6E97CAF}.Debug|Any CPU.Build.0 = Debug|Any CPU
		{E5BBB199-9B27-400C-A478-A647F6E97CAF}.Release|Any CPU.ActiveCfg = Release|Any CPU
		{0ABFC12E-D26B-4E2A-BF10-3BA31DAC9582}.Debug|Any CPU.ActiveCfg = Debug|Any CPU
		{0ABFC12E-D26B-4E2A-BF10-3BA31DAC9582}.Debug|Any CPU.Build.0 = Debug|Any CPU
		{0ABFC12E-D26B-4E2A-BF10-3BA31DAC9582}.Debug|Any CPU.Deploy.0 = Debug|Any CPU
		{0ABFC12E-D26B-4E2A-BF10-3BA31DAC9582}.Release|Any CPU.ActiveCfg = Release|Any CPU
		{0ABFC12E-D26B-4E2A-BF10-3BA31DAC9582}.Release|Any CPU.Build.0 = Release|Any CPU
		{0ABFC12E-D26B-4E2A-BF10-3BA31DAC9582}.Release|Any CPU.Deploy.0 = Release|Any CPU
		{A63359A7-5E5B-42B2-B3D7-12B426BD4910}.Debug|Any CPU.ActiveCfg = Debug|Any CPU
		{A63359A7-5E5B-42B2-B3D7-12B426BD4910}.Debug|Any CPU.Build.0 = Debug|Any CPU
		{A63359A7-5E5B-42B2-B3D7-12B426BD4910}.Release|Any CPU.ActiveCfg = Release|Any CPU
		{A63359A7-5E5B-42B2-B3D7-12B426BD4910}.Release|Any CPU.Build.0 = Release|Any CPU
	EndGlobalSection
	GlobalSection(SolutionProperties) = preSolution
		HideSolutionNode = FALSE
	EndGlobalSection
EndGlobal
